
Microsoft Visual Studio Solution File, Format Version 12.00
# Visual Studio Version 16
VisualStudioVersion = 16.0.29215.179
MinimumVisualStudioVersion = 10.0.40219.1
Project("{FAE04EC0-301F-11D3-BF4B-00C04F79EFBC}") = "FriendOrganizer.UI", "FriendOrganizer.UI\FriendOrganizer.UI.csproj", "{0867494E-84DA-4253-BD6E-8C27F968DE99}"
EndProject
Global
	GlobalSection(SolutionConfigurationPlatforms) = preSolution
		Debug|Any CPU = Debug|Any CPU
		Release|Any CPU = Release|Any CPU
	EndGlobalSection
	GlobalSection(ProjectConfigurationPlatforms) = postSolution
		{0867494E-84DA-4253-BD6E-8C27F968DE99}.Debug|Any CPU.ActiveCfg = Debug|Any CPU
		{0867494E-84DA-4253-BD6E-8C27F968DE99}.Debug|Any CPU.Build.0 = Debug|Any CPU
		{0867494E-84DA-4253-BD6E-8C27F968DE99}.Release|Any CPU.ActiveCfg = Release|Any CPU
		{0867494E-84DA-4253-BD6E-8C27F968DE99}.Release|Any CPU.Build.0 = Release|Any CPU
	EndGlobalSection
	GlobalSection(SolutionProperties) = preSolution
		HideSolutionNode = FALSE
	EndGlobalSection
	GlobalSection(ExtensibilityGlobals) = postSolution
		SolutionGuid = {12835361-33A6-45F8-8EF5-E84449AAF7AF}
	EndGlobalSection
EndGlobal
